// !$*UTF8*$!
{
	archiveVersion = 1;
	classes = {
	};
	objectVersion = 46;
	objects = {

/* Begin PBXBuildFile section */
		F3BFF16E1D5789630071FEC4 /* AppDelegate.swift in Sources */ = {isa = PBXBuildFile; fileRef = F3BFF16D1D5789630071FEC4 /* AppDelegate.swift */; };
		F3BFF1701D5789630071FEC4 /* ViewController.swift in Sources */ = {isa = PBXBuildFile; fileRef = F3BFF16F1D5789630071FEC4 /* ViewController.swift */; };
		F3BFF1731D5789630071FEC4 /* Main.storyboard in Resources */ = {isa = PBXBuildFile; fileRef = F3BFF1711D5789630071FEC4 /* Main.storyboard */; };
		F3BFF1751D5789630071FEC4 /* Assets.xcassets in Resources */ = {isa = PBXBuildFile; fileRef = F3BFF1741D5789630071FEC4 /* Assets.xcassets */; };
		F3BFF1781D5789630071FEC4 /* LaunchScreen.storyboard in Resources */ = {isa = PBXBuildFile; fileRef = F3BFF1761D5789630071FEC4 /* LaunchScreen.storyboard */; };
		F3BFF1831D5789630071FEC4 /* MiraclePillTests.swift in Sources */ = {isa = PBXBuildFile; fileRef = F3BFF1821D5789630071FEC4 /* MiraclePillTests.swift */; };
		F3BFF18E1D5789630071FEC4 /* MiraclePillUITests.swift in Sources */ = {isa = PBXBuildFile; fileRef = F3BFF18D1D5789630071FEC4 /* MiraclePillUITests.swift */; };
/* End PBXBuildFile section */

/* Begin PBXContainerItemProxy section */
		F3BFF17F1D5789630071FEC4 /* PBXContainerItemProxy */ = {
			isa = PBXContainerItemProxy;
			containerPortal = F3BFF1621D5789630071FEC4 /* Project object */;
			proxyType = 1;
			remoteGlobalIDString = F3BFF1691D5789630071FEC4;
			remoteInfo = MiraclePill;
		};
		F3BFF18A1D5789630071FEC4 /* PBXContainerItemProxy */ = {
			isa = PBXContainerItemProxy;
			containerPortal = F3BFF1621D5789630071FEC4 /* Project object */;
			proxyType = 1;
			remoteGlobalIDString = F3BFF1691D5789630071FEC4;
			remoteInfo = MiraclePill;
		};
/* End PBXContainerItemProxy section */

/* Begin PBXFileReference section */
		F3BFF16A1D5789630071FEC4 /* MiraclePill.app */ = {isa = PBXFileReference; explicitFileType = wrapper.application; includeInIndex = 0; path = MiraclePill.app; sourceTree = BUILT_PRODUCTS_DIR; };
		F3BFF16D1D5789630071FEC4 /* AppDelegate.swift */ = {isa = PBXFileReference; lastKnownFileType = sourcecode.swift; path = AppDelegate.swift; sourceTree = "<group>"; };
		F3BFF16F1D5789630071FEC4 /* ViewController.swift */ = {isa = PBXFileReference; lastKnownFileType = sourcecode.swift; path = ViewController.swift; sourceTree = "<group>"; };
		F3BFF1721D5789630071FEC4 /* Base */ = {isa = PBXFileReference; lastKnownFileType = file.storyboard; name = Base; path = Base.lproj/Main.storyboard; sourceTree = "<group>"; };
		F3BFF1741D5789630071FEC4 /* Assets.xcassets */ = {isa = PBXFileReference; lastKnownFileType = folder.assetcatalog; path = Assets.xcassets; sourceTree = "<group>"; };
		F3BFF1771D5789630071FEC4 /* Base */ = {isa = PBXFileReference; lastKnownFileType = file.storyboard; name = Base; path = Base.lproj/LaunchScreen.storyboard; sourceTree = "<group>"; };
		F3BFF1791D5789630071FEC4 /* Info.plist */ = {isa = PBXFileReference; lastKnownFileType = text.plist.xml; path = Info.plist; sourceTree = "<group>"; };
		F3BFF17E1D5789630071FEC4 /* MiraclePillTests.xctest */ = {isa = PBXFileReference; explicitFileType = wrapper.cfbundle; includeInIndex = 0; path = MiraclePillTests.xctest; sourceTree = BUILT_PRODUCTS_DIR; };
		F3BFF1821D5789630071FEC4 /* MiraclePillTests.swift */ = {isa = PBXFileReference; lastKnownFileType = sourcecode.swift; path = MiraclePillTests.swift; sourceTree = "<group>"; };
		F3BFF1841D5789630071FEC4 /* Info.plist */ = {isa = PBXFileReference; lastKnownFileType = text.plist.xml; path = Info.plist; sourceTree = "<group>"; };
		F3BFF1891D5789630071FEC4 /* MiraclePillUITests.xctest */ = {isa = PBXFileReference; explicitFileType = wrapper.cfbundle; includeInIndex = 0; path = MiraclePillUITests.xctest; sourceTree = BUILT_PRODUCTS_DIR; };
		F3BFF18D1D5789630071FEC4 /* MiraclePillUITests.swift */ = {isa = PBXFileReference; lastKnownFileType = sourcecode.swift; path = MiraclePillUITests.swift; sourceTree = "<group>"; };
		F3BFF18F1D5789630071FEC4 /* Info.plist */ = {isa = PBXFileReference; lastKnownFileType = text.plist.xml; path = Info.plist; sourceTree = "<group>"; };
/* End PBXFileReference section */

/* Begin PBXFrameworksBuildPhase section */
		F3BFF1671D5789630071FEC4 /* Frameworks */ = {
			isa = PBXFrameworksBuildPhase;
			buildActionMask = 2147483647;
			files = (
			);
			runOnlyForDeploymentPostprocessing = 0;
		};
		F3BFF17B1D5789630071FEC4 /* Frameworks */ = {
			isa = PBXFrameworksBuildPhase;
			buildActionMask = 2147483647;
			files = (
			);
			runOnlyForDeploymentPostprocessing = 0;
		};
		F3BFF1861D5789630071FEC4 /* Frameworks */ = {
			isa = PBXFrameworksBuildPhase;
			buildActionMask = 2147483647;
			files = (
			);
			runOnlyForDeploymentPostprocessing = 0;
		};
/* End PBXFrameworksBuildPhase section */

/* Begin PBXGroup section */
		F3BFF1611D5789630071FEC4 = {
			isa = PBXGroup;
			children = (
				F3BFF16C1D5789630071FEC4 /* MiraclePill */,
				F3BFF1811D5789630071FEC4 /* MiraclePillTests */,
				F3BFF18C1D5789630071FEC4 /* MiraclePillUITests */,
				F3BFF16B1D5789630071FEC4 /* Products */,
			);
			sourceTree = "<group>";
		};
		F3BFF16B1D5789630071FEC4 /* Products */ = {
			isa = PBXGroup;
			children = (
				F3BFF16A1D5789630071FEC4 /* MiraclePill.app */,
				F3BFF17E1D5789630071FEC4 /* MiraclePillTests.xctest */,
				F3BFF1891D5789630071FEC4 /* MiraclePillUITests.xctest */,
			);
			name = Products;
			sourceTree = "<group>";
		};
		F3BFF16C1D5789630071FEC4 /* MiraclePill */ = {
			isa = PBXGroup;
			children = (
				F3BFF16D1D5789630071FEC4 /* AppDelegate.swift */,
				F3BFF16F1D5789630071FEC4 /* ViewController.swift */,
				F3BFF1711D5789630071FEC4 /* Main.storyboard */,
				F3BFF1741D5789630071FEC4 /* Assets.xcassets */,
				F3BFF1761D5789630071FEC4 /* LaunchScreen.storyboard */,
				F3BFF1791D5789630071FEC4 /* Info.plist */,
			);
			path = MiraclePill;
			sourceTree = "<group>";
		};
		F3BFF1811D5789630071FEC4 /* MiraclePillTests */ = {
			isa = PBXGroup;
			children = (
				F3BFF1821D5789630071FEC4 /* MiraclePillTests.swift */,
				F3BFF1841D5789630071FEC4 /* Info.plist */,
			);
			path = MiraclePillTests;
			sourceTree = "<group>";
		};
		F3BFF18C1D5789630071FEC4 /* MiraclePillUITests */ = {
			isa = PBXGroup;
			children = (
				F3BFF18D1D5789630071FEC4 /* MiraclePillUITests.swift */,
				F3BFF18F1D5789630071FEC4 /* Info.plist */,
			);
			path = MiraclePillUITests;
			sourceTree = "<group>";
		};
/* End PBXGroup section */

/* Begin PBXNativeTarget section */
		F3BFF1691D5789630071FEC4 /* MiraclePill */ = {
			isa = PBXNativeTarget;
			buildConfigurationList = F3BFF1921D5789630071FEC4 /* Build configuration list for PBXNativeTarget "MiraclePill" */;
			buildPhases = (
				F3BFF1661D5789630071FEC4 /* Sources */,
				F3BFF1671D5789630071FEC4 /* Frameworks */,
				F3BFF1681D5789630071FEC4 /* Resources */,
			);
			buildRules = (
			);
			dependencies = (
			);
			name = MiraclePill;
			productName = MiraclePill;
			productReference = F3BFF16A1D5789630071FEC4 /* MiraclePill.app */;
			productType = "com.apple.product-type.application";
		};
		F3BFF17D1D5789630071FEC4 /* MiraclePillTests */ = {
			isa = PBXNativeTarget;
			buildConfigurationList = F3BFF1951D5789630071FEC4 /* Build configuration list for PBXNativeTarget "MiraclePillTests" */;
			buildPhases = (
				F3BFF17A1D5789630071FEC4 /* Sources */,
				F3BFF17B1D5789630071FEC4 /* Frameworks */,
				F3BFF17C1D5789630071FEC4 /* Resources */,
			);
			buildRules = (
			);
			dependencies = (
				F3BFF1801D5789630071FEC4 /* PBXTargetDependency */,
			);
			name = MiraclePillTests;
			productName = MiraclePillTests;
			productReference = F3BFF17E1D5789630071FEC4 /* MiraclePillTests.xctest */;
			productType = "com.apple.product-type.bundle.unit-test";
		};
		F3BFF1881D5789630071FEC4 /* MiraclePillUITests */ = {
			isa = PBXNativeTarget;
			buildConfigurationList = F3BFF1981D5789630071FEC4 /* Build configuration list for PBXNativeTarget "MiraclePillUITests" */;
			buildPhases = (
				F3BFF1851D5789630071FEC4 /* Sources */,
				F3BFF1861D5789630071FEC4 /* Frameworks */,
				F3BFF1871D5789630071FEC4 /* Resources */,
			);
			buildRules = (
			);
			dependencies = (
				F3BFF18B1D5789630071FEC4 /* PBXTargetDependency */,
			);
			name = MiraclePillUITests;
			productName = MiraclePillUITests;
			productReference = F3BFF1891D5789630071FEC4 /* MiraclePillUITests.xctest */;
			productType = "com.apple.product-type.bundle.ui-testing";
		};
/* End PBXNativeTarget section */

/* Begin PBXProject section */
		F3BFF1621D5789630071FEC4 /* Project object */ = {
			isa = PBXProject;
			attributes = {
				LastSwiftUpdateCheck = 0800;
				LastUpgradeCheck = 0800;
				ORGANIZATIONNAME = "Julian Flint Pearce";
				TargetAttributes = {
					F3BFF1691D5789630071FEC4 = {
						CreatedOnToolsVersion = 8.0;
						DevelopmentTeam = 6P353L5CUQ;
						DevelopmentTeamName = "Julian Flint Pearce";
						ProvisioningStyle = Automatic;
					};
					F3BFF17D1D5789630071FEC4 = {
						CreatedOnToolsVersion = 8.0;
						DevelopmentTeam = 6P353L5CUQ;
						DevelopmentTeamName = "Julian Flint Pearce";
						ProvisioningStyle = Automatic;
						TestTargetID = F3BFF1691D5789630071FEC4;
					};
					F3BFF1881D5789630071FEC4 = {
						CreatedOnToolsVersion = 8.0;
						DevelopmentTeam = 6P353L5CUQ;
						DevelopmentTeamName = "Julian Flint Pearce";
						ProvisioningStyle = Automatic;
						TestTargetID = F3BFF1691D5789630071FEC4;
					};
				};
			};
			buildConfigurationList = F3BFF1651D5789630071FEC4 /* Build configuration list for PBXProject "MiraclePill" */;
			compatibilityVersion = "Xcode 3.2";
			developmentRegion = English;
			hasScannedForEncodings = 0;
			knownRegions = (
				en,
				Base,
			);
			mainGroup = F3BFF1611D5789630071FEC4;
			productRefGroup = F3BFF16B1D5789630071FEC4 /* Products */;
			projectDirPath = "";
			projectRoot = "";
			targets = (
				F3BFF1691D5789630071FEC4 /* MiraclePill */,
				F3BFF17D1D5789630071FEC4 /* MiraclePillTests */,
				F3BFF1881D5789630071FEC4 /* MiraclePillUITests */,
			);
		};
/* End PBXProject section */

/* Begin PBXResourcesBuildPhase section */
		F3BFF1681D5789630071FEC4 /* Resources */ = {
			isa = PBXResourcesBuildPhase;
			buildActionMask = 2147483647;
			files = (
				F3BFF1781D5789630071FEC4 /* LaunchScreen.storyboard in Resources */,
				F3BFF1751D5789630071FEC4 /* Assets.xcassets in Resources */,
				F3BFF1731D5789630071FEC4 /* Main.storyboard in Resources */,
			);
			runOnlyForDeploymentPostprocessing = 0;
		};
		F3BFF17C1D5789630071FEC4 /* Resources */ = {
			isa = PBXResourcesBuildPhase;
			buildActionMask = 2147483647;
			files = (
			);
			runOnlyForDeploymentPostprocessing = 0;
		};
		F3BFF1871D5789630071FEC4 /* Resources */ = {
			isa = PBXResourcesBuildPhase;
			buildActionMask = 2147483647;
			files = (
			);
			runOnlyForDeploymentPostprocessing = 0;
		};
/* End PBXResourcesBuildPhase section */

/* Begin PBXSourcesBuildPhase section */
		F3BFF1661D5789630071FEC4 /* Sources */ = {
			isa = PBXSourcesBuildPhase;
			buildActionMask = 2147483647;
			files = (
				F3BFF1701D5789630071FEC4 /* ViewController.swift in Sources */,
				F3BFF16E1D5789630071FEC4 /* AppDelegate.swift in Sources */,
			);
			runOnlyForDeploymentPostprocessing = 0;
		};
		F3BFF17A1D5789630071FEC4 /* Sources */ = {
			isa = PBXSourcesBuildPhase;
			buildActionMask = 2147483647;
			files = (
				F3BFF1831D5789630071FEC4 /* MiraclePillTests.swift in Sources */,
			);
			runOnlyForDeploymentPostprocessing = 0;
		};
		F3BFF1851D5789630071FEC4 /* Sources */ = {
			isa = PBXSourcesBuildPhase;
			buildActionMask = 2147483647;
			files = (
				F3BFF18E1D5789630071FEC4 /* MiraclePillUITests.swift in Sources */,
			);
			runOnlyForDeploymentPostprocessing = 0;
		};
/* End PBXSourcesBuildPhase section */

/* Begin PBXTargetDependency section */
		F3BFF1801D5789630071FEC4 /* PBXTargetDependency */ = {
			isa = PBXTargetDependency;
			target = F3BFF1691D5789630071FEC4 /* MiraclePill */;
			targetProxy = F3BFF17F1D5789630071FEC4 /* PBXContainerItemProxy */;
		};
		F3BFF18B1D5789630071FEC4 /* PBXTargetDependency */ = {
			isa = PBXTargetDependency;
			target = F3BFF1691D5789630071FEC4 /* MiraclePill */;
			targetProxy = F3BFF18A1D5789630071FEC4 /* PBXContainerItemProxy */;
		};
/* End PBXTargetDependency section */

/* Begin PBXVariantGroup section */
		F3BFF1711D5789630071FEC4 /* Main.storyboard */ = {
			isa = PBXVariantGroup;
			children = (
				F3BFF1721D5789630071FEC4 /* Base */,
			);
			name = Main.storyboard;
			sourceTree = "<group>";
		};
		F3BFF1761D5789630071FEC4 /* LaunchScreen.storyboard */ = {
			isa = PBXVariantGroup;
			children = (
				F3BFF1771D5789630071FEC4 /* Base */,
			);
			name = LaunchScreen.storyboard;
			sourceTree = "<group>";
		};
/* End PBXVariantGroup section */

/* Begin XCBuildConfiguration section */
		F3BFF1901D5789630071FEC4 /* Debug */ = {
			isa = XCBuildConfiguration;
			buildSettings = {
				ALWAYS_SEARCH_USER_PATHS = NO;
				CLANG_ANALYZER_NONNULL = YES;
				CLANG_CXX_LANGUAGE_STANDARD = "gnu++0x";
				CLANG_CXX_LIBRARY = "libc++";
				CLANG_ENABLE_MODULES = YES;
				CLANG_ENABLE_OBJC_ARC = YES;
				CLANG_WARN_BOOL_CONVERSION = YES;
				CLANG_WARN_CONSTANT_CONVERSION = YES;
				CLANG_WARN_DIRECT_OBJC_ISA_USAGE = YES_ERROR;
				CLANG_WARN_DOCUMENTATION_COMMENTS = YES;
				CLANG_WARN_EMPTY_BODY = YES;
				CLANG_WARN_ENUM_CONVERSION = YES;
				CLANG_WARN_INT_CONVERSION = YES;
				CLANG_WARN_OBJC_ROOT_CLASS = YES_ERROR;
				CLANG_WARN_UNREACHABLE_CODE = YES;
				CLANG_WARN__DUPLICATE_METHOD_MATCH = YES;
				"CODE_SIGN_IDENTITY[sdk=iphoneos*]" = "iPhone Developer";
				COPY_PHASE_STRIP = NO;
				DEBUG_INFORMATION_FORMAT = dwarf;
				ENABLE_STRICT_OBJC_MSGSEND = YES;
				ENABLE_TESTABILITY = YES;
				GCC_C_LANGUAGE_STANDARD = gnu99;
				GCC_DYNAMIC_NO_PIC = NO;
				GCC_NO_COMMON_BLOCKS = YES;
				GCC_OPTIMIZATION_LEVEL = 0;
				GCC_PREPROCESSOR_DEFINITIONS = (
					"DEBUG=1",
					"$(inherited)",
				);
				GCC_WARN_64_TO_32_BIT_CONVERSION = YES;
				GCC_WARN_ABOUT_RETURN_TYPE = YES_ERROR;
				GCC_WARN_UNDECLARED_SELECTOR = YES;
				GCC_WARN_UNINITIALIZED_AUTOS = YES_AGGRESSIVE;
				GCC_WARN_UNUSED_FUNCTION = YES;
				GCC_WARN_UNUSED_VARIABLE = YES;
				IPHONEOS_DEPLOYMENT_TARGET = 10.0;
				MTL_ENABLE_DEBUG_INFO = YES;
				ONLY_ACTIVE_ARCH = YES;
				SDKROOT = iphoneos;
				SWIFT_ACTIVE_COMPILATION_CONDITIONS = DEBUG;
				SWIFT_OPTIMIZATION_LEVEL = "-Onone";
			};
			name = Debug;
		};
		F3BFF1911D5789630071FEC4 /* Release */ = {
			isa = XCBuildConfiguration;
			buildSettings = {
				ALWAYS_SEARCH_USER_PATHS = NO;
				CLANG_ANALYZER_NONNULL = YES;
				CLANG_CXX_LANGUAGE_STANDARD = "gnu++0x";
				CLANG_CXX_LIBRARY = "libc++";
				CLANG_ENABLE_MODULES = YES;
				CLANG_ENABLE_OBJC_ARC = YES;
				CLANG_WARN_BOOL_CONVERSION = YES;
				CLANG_WARN_CONSTANT_CONVERSION = YES;
				CLANG_WARN_DIRECT_OBJC_ISA_USAGE = YES_ERROR;
				CLANG_WARN_DOCUMENTATION_COMMENTS = YES;
				CLANG_WARN_EMPTY_BODY = YES;
				CLANG_WARN_ENUM_CONVERSION = YES;
				CLANG_WARN_INT_CONVERSION = YES;
				CLANG_WARN_OBJC_ROOT_CLASS = YES_ERROR;
				CLANG_WARN_UNREACHABLE_CODE = YES;
				CLANG_WARN__DUPLICATE_METHOD_MATCH = YES;
				"CODE_SIGN_IDENTITY[sdk=iphoneos*]" = "iPhone Developer";
				COPY_PHASE_STRIP = NO;
				DEBUG_INFORMATION_FORMAT = "dwarf-with-dsym";
				ENABLE_NS_ASSERTIONS = NO;
				ENABLE_STRICT_OBJC_MSGSEND = YES;
				GCC_C_LANGUAGE_STANDARD = gnu99;
				GCC_NO_COMMON_BLOCKS = YES;
				GCC_WARN_64_TO_32_BIT_CONVERSION = YES;
				GCC_WARN_ABOUT_RETURN_TYPE = YES_ERROR;
				GCC_WARN_UNDECLARED_SELECTOR = YES;
				GCC_WARN_UNINITIALIZED_AUTOS = YES_AGGRESSIVE;
				GCC_WARN_UNUSED_FUNCTION = YES;
				GCC_WARN_UNUSED_VARIABLE = YES;
				IPHONEOS_DEPLOYMENT_TARGET = 10.0;
				MTL_ENABLE_DEBUG_INFO = NO;
				SDKROOT = iphoneos;
				SWIFT_OPTIMIZATION_LEVEL = "-Owholemodule";
				VALIDATE_PRODUCT = YES;
			};
			name = Release;
		};
		F3BFF1931D5789630071FEC4 /* Debug */ = {
			isa = XCBuildConfiguration;
			buildSettings = {
				ASSETCATALOG_COMPILER_APPICON_NAME = AppIcon;
				INFOPLIST_FILE = MiraclePill/Info.plist;
				LD_RUNPATH_SEARCH_PATHS = "$(inherited) @executable_path/Frameworks";
				PRODUCT_BUNDLE_IDENTIFIER = com.flintpearce.MiraclePill;
				PRODUCT_NAME = "$(TARGET_NAME)";
				SWIFT_VERSION = 3.0;
			};
			name = Debug;
		};
		F3BFF1941D5789630071FEC4 /* Release */ = {
			isa = XCBuildConfiguration;
			buildSettings = {
				ASSETCATALOG_COMPILER_APPICON_NAME = AppIcon;
				INFOPLIST_FILE = MiraclePill/Info.plist;
				LD_RUNPATH_SEARCH_PATHS = "$(inherited) @executable_path/Frameworks";
				PRODUCT_BUNDLE_IDENTIFIER = com.flintpearce.MiraclePill;
				PRODUCT_NAME = "$(TARGET_NAME)";
				SWIFT_VERSION = 3.0;
			};
			name = Release;
		};
		F3BFF1961D5789630071FEC4 /* Debug */ = {
			isa = XCBuildConfiguration;
			buildSettings = {
				BUNDLE_LOADER = "$(TEST_HOST)";
				INFOPLIST_FILE = MiraclePillTests/Info.plist;
				LD_RUNPATH_SEARCH_PATHS = "$(inherited) @executable_path/Frameworks @loader_path/Frameworks";
				PRODUCT_BUNDLE_IDENTIFIER = com.flintpearce.MiraclePillTests;
				PRODUCT_NAME = "$(TARGET_NAME)";
				SWIFT_VERSION = 3.0;
				TEST_HOST = "$(BUILT_PRODUCTS_DIR)/MiraclePill.app/MiraclePill";
			};
			name = Debug;
		};
		F3BFF1971D5789630071FEC4 /* Release */ = {
			isa = XCBuildConfiguration;
			buildSettings = {
				BUNDLE_LOADER = "$(TEST_HOST)";
				INFOPLIST_FILE = MiraclePillTests/Info.plist;
				LD_RUNPATH_SEARCH_PATHS = "$(inherited) @executable_path/Frameworks @loader_path/Frameworks";
				PRODUCT_BUNDLE_IDENTIFIER = com.flintpearce.MiraclePillTests;
				PRODUCT_NAME = "$(TARGET_NAME)";
				SWIFT_VERSION = 3.0;
				TEST_HOST = "$(BUILT_PRODUCTS_DIR)/MiraclePill.app/MiraclePill";
			};
			name = Release;
		};
		F3BFF1991D5789630071FEC4 /* Debug */ = {
			isa = XCBuildConfiguration;
			buildSettings = {
				INFOPLIST_FILE = MiraclePillUITests/Info.plist;
				LD_RUNPATH_SEARCH_PATHS = "$(inherited) @executable_path/Frameworks @loader_path/Frameworks";
				PRODUCT_BUNDLE_IDENTIFIER = com.flintpearce.MiraclePillUITests;
				PRODUCT_NAME = "$(TARGET_NAME)";
				SWIFT_VERSION = 3.0;
				TEST_TARGET_NAME = MiraclePill;
			};
			name = Debug;
		};
		F3BFF19A1D5789630071FEC4 /* Release */ = {
			isa = XCBuildConfiguration;
			buildSettings = {
				INFOPLIST_FILE = MiraclePillUITests/Info.plist;
				LD_RUNPATH_SEARCH_PATHS = "$(inherited) @executable_path/Frameworks @loader_path/Frameworks";
				PRODUCT_BUNDLE_IDENTIFIER = com.flintpearce.MiraclePillUITests;
				PRODUCT_NAME = "$(TARGET_NAME)";
				SWIFT_VERSION = 3.0;
				TEST_TARGET_NAME = MiraclePill;
			};
			name = Release;
		};
/* End XCBuildConfiguration section */

/* Begin XCConfigurationList section */
		F3BFF1651D5789630071FEC4 /* Build configuration list for PBXProject "MiraclePill" */ = {
			isa = XCConfigurationList;
			buildConfigurations = (
				F3BFF1901D5789630071FEC4 /* Debug */,
				F3BFF1911D5789630071FEC4 /* Release */,
			);
			defaultConfigurationIsVisible = 0;
			defaultConfigurationName = Release;
		};
		F3BFF1921D5789630071FEC4 /* Build configuration list for PBXNativeTarget "MiraclePill" */ = {
			isa = XCConfigurationList;
			buildConfigurations = (
				F3BFF1931D5789630071FEC4 /* Debug */,
				F3BFF1941D5789630071FEC4 /* Release */,
			);
			defaultConfigurationIsVisible = 0;
		};
		F3BFF1951D5789630071FEC4 /* Build configuration list for PBXNativeTarget "MiraclePillTests" */ = {
			isa = XCConfigurationList;
			buildConfigurations = (
				F3BFF1961D5789630071FEC4 /* Debug */,
				F3BFF1971D5789630071FEC4 /* Release */,
			);
			defaultConfigurationIsVisible = 0;
		};
		F3BFF1981D5789630071FEC4 /* Build configuration list for PBXNativeTarget "MiraclePillUITests" */ = {
			isa = XCConfigurationList;
			buildConfigurations = (
				F3BFF1991D5789630071FEC4 /* Debug */,
				F3BFF19A1D5789630071FEC4 /* Release */,
			);
			defaultConfigurationIsVisible = 0;
		};
/* End XCConfigurationList section */
	};
	rootObject = F3BFF1621D5789630071FEC4 /* Project object */;
}
